
Microsoft Visual Studio Solution File, Format Version 12.00
# Visual Studio Version 17
VisualStudioVersion = 17.14.36518.9 d17.14
MinimumVisualStudioVersion = 10.0.40219.1
Project("{FAE04EC0-301F-11D3-BF4B-00C04F79EFBC}") = "Revisao-h1", "Revisao-h1\Revisao-h1.csproj", "{414C5C2D-599A-4D32-B681-B3B385E8A1EE}"
EndProject
Global
	GlobalSection(SolutionConfigurationPlatforms) = preSolution
		Debug|Any CPU = Debug|Any CPU
		Release|Any CPU = Release|Any CPU
	EndGlobalSection
	GlobalSection(ProjectConfigurationPlatforms) = postSolution
		{414C5C2D-599A-4D32-B681-B3B385E8A1EE}.Debug|Any CPU.ActiveCfg = Debug|Any CPU
		{414C5C2D-599A-4D32-B681-B3B385E8A1EE}.Debug|Any CPU.Build.0 = Debug|Any CPU
		{414C5C2D-599A-4D32-B681-B3B385E8A1EE}.Release|Any CPU.ActiveCfg = Release|Any CPU
		{414C5C2D-599A-4D32-B681-B3B385E8A1EE}.Release|Any CPU.Build.0 = Release|Any CPU
	EndGlobalSection
	GlobalSection(SolutionProperties) = preSolution
		HideSolutionNode = FALSE
	EndGlobalSection
	GlobalSection(ExtensibilityGlobals) = postSolution
		SolutionGuid = {DF43B267-88F8-4539-9956-1ED5AF7FE91E}
	EndGlobalSection
EndGlobal
